
Microsoft Visual Studio Solution File, Format Version 12.00
# Visual Studio 15
VisualStudioVersion = 15.0.28010.2048
MinimumVisualStudioVersion = 10.0.40219.1
Project("{FAE04EC0-301F-11D3-BF4B-00C04F79EFBC}") = "SuperAdventure", "SuperAdventure\SuperAdventure.csproj", "{D6DB7273-CFB3-42FE-85F1-13CCE5146850}"
EndProject
Project("{FAE04EC0-301F-11D3-BF4B-00C04F79EFBC}") = "Engine", "Engine\Engine.csproj", "{1FE17B10-6C6F-4772-905C-69D1DB507682}"
EndProject
Global
	GlobalSection(SolutionConfigurationPlatforms) = preSolution
		Debug|Any CPU = Debug|Any CPU
		Release|Any CPU = Release|Any CPU
	EndGlobalSection
	GlobalSection(ProjectConfigurationPlatforms) = postSolution
		{D6DB7273-CFB3-42FE-85F1-13CCE5146850}.Debug|Any CPU.ActiveCfg = Debug|Any CPU
		{D6DB7273-CFB3-42FE-85F1-13CCE5146850}.Debug|Any CPU.Build.0 = Debug|Any CPU
		{D6DB7273-CFB3-42FE-85F1-13CCE5146850}.Release|Any CPU.ActiveCfg = Release|Any CPU
		{D6DB7273-CFB3-42FE-85F1-13CCE5146850}.Release|Any CPU.Build.0 = Release|Any CPU
		{1FE17B10-6C6F-4772-905C-69D1DB507682}.Debug|Any CPU.ActiveCfg = Debug|Any CPU
		{1FE17B10-6C6F-4772-905C-69D1DB507682}.Debug|Any CPU.Build.0 = Debug|Any CPU
		{1FE17B10-6C6F-4772-905C-69D1DB507682}.Release|Any CPU.ActiveCfg = Release|Any CPU
		{1FE17B10-6C6F-4772-905C-69D1DB507682}.Release|Any CPU.Build.0 = Release|Any CPU
	EndGlobalSection
	GlobalSection(SolutionProperties) = preSolution
		HideSolutionNode = FALSE
	EndGlobalSection
	GlobalSection(ExtensibilityGlobals) = postSolution
		SolutionGuid = {9CB775C9-0FDA-416B-8BFC-227EBFDA6828}
	EndGlobalSection
EndGlobal
